
Microsoft Visual Studio Solution File, Format Version 12.00
# Visual Studio Version 17
VisualStudioVersion = 17.1.32421.90
MinimumVisualStudioVersion = 10.0.40219.1
Project("{FAE04EC0-301F-11D3-BF4B-00C04F79EFBC}") = "ChessLogic", "ChessLogic\ChessLogic.csproj", "{A8A97660-AB5F-4315-B37D-E31FA071A1FD}"
EndProject
Project("{FAE04EC0-301F-11D3-BF4B-00C04F79EFBC}") = "ChessUI", "ChessUI\ChessUI.csproj", "{C291BC48-30F4-4014-A844-2D670669D623}"
EndProject
Global
	GlobalSection(SolutionConfigurationPlatforms) = preSolution
		Debug|Any CPU = Debug|Any CPU
		Release|Any CPU = Release|Any CPU
	EndGlobalSection
	GlobalSection(ProjectConfigurationPlatforms) = postSolution
		{A8A97660-AB5F-4315-B37D-E31FA071A1FD}.Debug|Any CPU.ActiveCfg = Debug|Any CPU
		{A8A97660-AB5F-4315-B37D-E31FA071A1FD}.Debug|Any CPU.Build.0 = Debug|Any CPU
		{A8A97660-AB5F-4315-B37D-E31FA071A1FD}.Release|Any CPU.ActiveCfg = Release|Any CPU
		{A8A97660-AB5F-4315-B37D-E31FA071A1FD}.Release|Any CPU.Build.0 = Release|Any CPU
		{C291BC48-30F4-4014-A844-2D670669D623}.Debug|Any CPU.ActiveCfg = Debug|Any CPU
		{C291BC48-30F4-4014-A844-2D670669D623}.Debug|Any CPU.Build.0 = Debug|Any CPU
		{C291BC48-30F4-4014-A844-2D670669D623}.Release|Any CPU.ActiveCfg = Release|Any CPU
		{C291BC48-30F4-4014-A844-2D670669D623}.Release|Any CPU.Build.0 = Release|Any CPU
	EndGlobalSection
	GlobalSection(SolutionProperties) = preSolution
		HideSolutionNode = FALSE
	EndGlobalSection
	GlobalSection(ExtensibilityGlobals) = postSolution
		SolutionGuid = {7AEFD5C2-51E7-4362-944C-ED29529D7110}
	EndGlobalSection
EndGlobal
